{
    "_readme": [
        "This file locks the dependencies of your project to a known state",
        "Read more about it at https://getcomposer.org/doc/01-basic-usage.md#installing-dependencies",
        "This file is @generated automatically"
    ],
    "content-hash": "847c2f7fcfcdae687ad6269af601e323",
    "packages": [
        {
            "name": "kmucms/config",
            "version": "dev-main",
            "source": {
                "type": "git",
                "url": "https://github.com/kmucms/config.git",
                "reference": "9b3d4a93392eb7c8b41891fe613ac2e12698ee29"
            },
            "dist": {
                "type": "zip",
                "url": "https://api.github.com/repos/kmucms/config/zipball/9b3d4a93392eb7c8b41891fe613ac2e12698ee29",
                "reference": "9b3d4a93392eb7c8b41891fe613ac2e12698ee29",
                "shasum": ""
            },
            "require": {
                "php": ">=7.0.0"
            },
            "default-branch": true,
            "type": "library",
            "autoload": {
                "psr-4": {
                    "kmucms\\": "src"
                }
            },
            "notification-url": "https://packagist.org/downloads/",
            "license": [
                "MIT"
            ],
            "description": "Project configuration based on class names.",
            "support": {
                "issues": "https://github.com/kmucms/config/issues",
                "source": "https://github.com/kmucms/config/tree/main"
            },
            "time": "2021-02-21T19:56:54+00:00"
        }
    ],
    "packages-dev": [],
    "aliases": [],
    "minimum-stability": "stable",
    "stability-flags": {
        "kmucms/config": 20
    },
    "prefer-stable": false,
    "prefer-lowest": false,
    "platform": [],
    "platform-dev": [],
    "plugin-api-version": "2.0.0"
}
